
Microsoft Visual Studio Solution File, Format Version 12.00
# Visual Studio 2012
Project("{FAE04EC0-301F-11D3-BF4B-00C04F79EFBC}") = "XamarinWebservice.Android", "XamarinWebservice.Android\XamarinWebservice.Android.csproj", "{6FBA165E-D09D-4481-9843-416AE07518FF}"
EndProject
Project("{FAE04EC0-301F-11D3-BF4B-00C04F79EFBC}") = "XamarinWebservice.iOS", "XamarinWebservice.iOS\XamarinWebservice.iOS.csproj", "{29196DAE-31C3-4320-AFD8-08C5932A61AF}"
EndProject
Project("{FAE04EC0-301F-11D3-BF4B-00C04F79EFBC}") = "XamarinWebservice", "XamarinWebservice\XamarinWebservice.csproj", "{DF56E126-5AED-4A46-91E9-5299A65FB9C0}"
EndProject
Global
	GlobalSection(SolutionConfigurationPlatforms) = preSolution
		Debug|Any CPU = Debug|Any CPU
		Release|Any CPU = Release|Any CPU
		Debug|iPhoneSimulator = Debug|iPhoneSimulator
		Release|iPhoneSimulator = Release|iPhoneSimulator
		Debug|iPhone = Debug|iPhone
		Release|iPhone = Release|iPhone
		Ad-Hoc|iPhone = Ad-Hoc|iPhone
		AppStore|iPhone = AppStore|iPhone
	EndGlobalSection
	GlobalSection(ProjectConfigurationPlatforms) = postSolution
		{6FBA165E-D09D-4481-9843-416AE07518FF}.Debug|Any CPU.ActiveCfg = Debug|Any CPU
		{6FBA165E-D09D-4481-9843-416AE07518FF}.Debug|Any CPU.Build.0 = Debug|Any CPU
		{6FBA165E-D09D-4481-9843-416AE07518FF}.Release|Any CPU.ActiveCfg = Release|Any CPU
		{6FBA165E-D09D-4481-9843-416AE07518FF}.Release|Any CPU.Build.0 = Release|Any CPU
		{6FBA165E-D09D-4481-9843-416AE07518FF}.Debug|iPhoneSimulator.ActiveCfg = Debug|Any CPU
		{6FBA165E-D09D-4481-9843-416AE07518FF}.Debug|iPhoneSimulator.Build.0 = Debug|Any CPU
		{6FBA165E-D09D-4481-9843-416AE07518FF}.Release|iPhoneSimulator.ActiveCfg = Release|Any CPU
		{6FBA165E-D09D-4481-9843-416AE07518FF}.Release|iPhoneSimulator.Build.0 = Release|Any CPU
		{6FBA165E-D09D-4481-9843-416AE07518FF}.Debug|iPhone.ActiveCfg = Debug|Any CPU
		{6FBA165E-D09D-4481-9843-416AE07518FF}.Debug|iPhone.Build.0 = Debug|Any CPU
		{6FBA165E-D09D-4481-9843-416AE07518FF}.Release|iPhone.ActiveCfg = Release|Any CPU
		{6FBA165E-D09D-4481-9843-416AE07518FF}.Release|iPhone.Build.0 = Release|Any CPU
		{6FBA165E-D09D-4481-9843-416AE07518FF}.Ad-Hoc|iPhone.ActiveCfg = Debug|Any CPU
		{6FBA165E-D09D-4481-9843-416AE07518FF}.Ad-Hoc|iPhone.Build.0 = Debug|Any CPU
		{6FBA165E-D09D-4481-9843-416AE07518FF}.AppStore|iPhone.ActiveCfg = Debug|Any CPU
		{6FBA165E-D09D-4481-9843-416AE07518FF}.AppStore|iPhone.Build.0 = Debug|Any CPU
		{29196DAE-31C3-4320-AFD8-08C5932A61AF}.Debug|Any CPU.ActiveCfg = Debug|iPhoneSimulator
		{29196DAE-31C3-4320-AFD8-08C5932A61AF}.Debug|Any CPU.Build.0 = Debug|iPhoneSimulator
		{29196DAE-31C3-4320-AFD8-08C5932A61AF}.Release|Any CPU.ActiveCfg = Release|iPhoneSimulator
		{29196DAE-31C3-4320-AFD8-08C5932A61AF}.Release|Any CPU.Build.0 = Release|iPhoneSimulator
		{29196DAE-31C3-4320-AFD8-08C5932A61AF}.Debug|iPhoneSimulator.ActiveCfg = Debug|iPhoneSimulator
		{29196DAE-31C3-4320-AFD8-08C5932A61AF}.Debug|iPhoneSimulator.Build.0 = Debug|iPhoneSimulator
		{29196DAE-31C3-4320-AFD8-08C5932A61AF}.Release|iPhoneSimulator.ActiveCfg = Release|iPhoneSimulator
		{29196DAE-31C3-4320-AFD8-08C5932A61AF}.Release|iPhoneSimulator.Build.0 = Release|iPhoneSimulator
		{29196DAE-31C3-4320-AFD8-08C5932A61AF}.Debug|iPhone.ActiveCfg = Debug|iPhone
		{29196DAE-31C3-4320-AFD8-08C5932A61AF}.Debug|iPhone.Build.0 = Debug|iPhone
		{29196DAE-31C3-4320-AFD8-08C5932A61AF}.Release|iPhone.ActiveCfg = Release|iPhone
		{29196DAE-31C3-4320-AFD8-08C5932A61AF}.Release|iPhone.Build.0 = Release|iPhone
		{29196DAE-31C3-4320-AFD8-08C5932A61AF}.Ad-Hoc|iPhone.ActiveCfg = Ad-Hoc|iPhone
		{29196DAE-31C3-4320-AFD8-08C5932A61AF}.Ad-Hoc|iPhone.Build.0 = Ad-Hoc|iPhone
		{29196DAE-31C3-4320-AFD8-08C5932A61AF}.AppStore|iPhone.ActiveCfg = AppStore|iPhone
		{29196DAE-31C3-4320-AFD8-08C5932A61AF}.AppStore|iPhone.Build.0 = AppStore|iPhone
		{DF56E126-5AED-4A46-91E9-5299A65FB9C0}.Debug|Any CPU.ActiveCfg = Debug|Any CPU
		{DF56E126-5AED-4A46-91E9-5299A65FB9C0}.Debug|Any CPU.Build.0 = Debug|Any CPU
		{DF56E126-5AED-4A46-91E9-5299A65FB9C0}.Release|Any CPU.ActiveCfg = Release|Any CPU
		{DF56E126-5AED-4A46-91E9-5299A65FB9C0}.Release|Any CPU.Build.0 = Release|Any CPU
		{DF56E126-5AED-4A46-91E9-5299A65FB9C0}.Debug|iPhoneSimulator.ActiveCfg = Debug|Any CPU
		{DF56E126-5AED-4A46-91E9-5299A65FB9C0}.Debug|iPhoneSimulator.Build.0 = Debug|Any CPU
		{DF56E126-5AED-4A46-91E9-5299A65FB9C0}.Release|iPhoneSimulator.ActiveCfg = Release|Any CPU
		{DF56E126-5AED-4A46-91E9-5299A65FB9C0}.Release|iPhoneSimulator.Build.0 = Release|Any CPU
		{DF56E126-5AED-4A46-91E9-5299A65FB9C0}.Debug|iPhone.ActiveCfg = Debug|Any CPU
		{DF56E126-5AED-4A46-91E9-5299A65FB9C0}.Debug|iPhone.Build.0 = Debug|Any CPU
		{DF56E126-5AED-4A46-91E9-5299A65FB9C0}.Release|iPhone.ActiveCfg = Release|Any CPU
		{DF56E126-5AED-4A46-91E9-5299A65FB9C0}.Release|iPhone.Build.0 = Release|Any CPU
		{DF56E126-5AED-4A46-91E9-5299A65FB9C0}.Ad-Hoc|iPhone.ActiveCfg = Debug|Any CPU
		{DF56E126-5AED-4A46-91E9-5299A65FB9C0}.Ad-Hoc|iPhone.Build.0 = Debug|Any CPU
		{DF56E126-5AED-4A46-91E9-5299A65FB9C0}.AppStore|iPhone.ActiveCfg = Debug|Any CPU
		{DF56E126-5AED-4A46-91E9-5299A65FB9C0}.AppStore|iPhone.Build.0 = Debug|Any CPU
	EndGlobalSection
EndGlobal
